// !$*UTF8*$!
{
	archiveVersion = 1;
	classes = {
	};
	objectVersion = 50;
	objects = {

/* Begin PBXBuildFile section */
		1E44EF26232EA794006F7E6C /* AppDelegate.swift in Sources */ = {isa = PBXBuildFile; fileRef = 1E44EF25232EA794006F7E6C /* AppDelegate.swift */; };
		1E44EF28232EA794006F7E6C /* MainViewController.swift in Sources */ = {isa = PBXBuildFile; fileRef = 1E44EF27232EA794006F7E6C /* MainViewController.swift */; };
		1E44EF2A232EA794006F7E6C /* AssistanceViewController.swift in Sources */ = {isa = PBXBuildFile; fileRef = 1E44EF29232EA794006F7E6C /* AssistanceViewController.swift */; };
		1E44EF2D232EA794006F7E6C /* Main.storyboard in Resources */ = {isa = PBXBuildFile; fileRef = 1E44EF2B232EA794006F7E6C /* Main.storyboard */; };
		1E44EF2F232EA795006F7E6C /* Assets.xcassets in Resources */ = {isa = PBXBuildFile; fileRef = 1E44EF2E232EA795006F7E6C /* Assets.xcassets */; };
		1E44EF32232EA795006F7E6C /* LaunchScreen.storyboard in Resources */ = {isa = PBXBuildFile; fileRef = 1E44EF30232EA795006F7E6C /* LaunchScreen.storyboard */; };
		1E44EF3D232EA796006F7E6C /* PingPongWinTrackerTests.swift in Sources */ = {isa = PBXBuildFile; fileRef = 1E44EF3C232EA796006F7E6C /* PingPongWinTrackerTests.swift */; };
/* End PBXBuildFile section */

/* Begin PBXContainerItemProxy section */
		1E44EF39232EA796006F7E6C /* PBXContainerItemProxy */ = {
			isa = PBXContainerItemProxy;
			containerPortal = 1E44EF1A232EA794006F7E6C /* Project object */;
			proxyType = 1;
			remoteGlobalIDString = 1E44EF21232EA794006F7E6C;
			remoteInfo = PingPongWinTracker;
		};
/* End PBXContainerItemProxy section */

/* Begin PBXFileReference section */
		1E44EF22232EA794006F7E6C /* Pong.app */ = {isa = PBXFileReference; explicitFileType = wrapper.application; includeInIndex = 0; path = Pong.app; sourceTree = BUILT_PRODUCTS_DIR; };
		1E44EF25232EA794006F7E6C /* AppDelegate.swift */ = {isa = PBXFileReference; lastKnownFileType = sourcecode.swift; path = AppDelegate.swift; sourceTree = "<group>"; };
		1E44EF27232EA794006F7E6C /* MainViewController.swift */ = {isa = PBXFileReference; lastKnownFileType = sourcecode.swift; path = MainViewController.swift; sourceTree = "<group>"; };
		1E44EF29232EA794006F7E6C /* AssistanceViewController.swift */ = {isa = PBXFileReference; lastKnownFileType = sourcecode.swift; path = AssistanceViewController.swift; sourceTree = "<group>"; };
		1E44EF2C232EA794006F7E6C /* Base */ = {isa = PBXFileReference; lastKnownFileType = file.storyboard; name = Base; path = Base.lproj/Main.storyboard; sourceTree = "<group>"; };
		1E44EF2E232EA795006F7E6C /* Assets.xcassets */ = {isa = PBXFileReference; lastKnownFileType = folder.assetcatalog; path = Assets.xcassets; sourceTree = "<group>"; };
		1E44EF31232EA795006F7E6C /* Base */ = {isa = PBXFileReference; lastKnownFileType = file.storyboard; name = Base; path = Base.lproj/LaunchScreen.storyboard; sourceTree = "<group>"; };
		1E44EF33232EA795006F7E6C /* Info.plist */ = {isa = PBXFileReference; lastKnownFileType = text.plist.xml; path = Info.plist; sourceTree = "<group>"; };
		1E44EF38232EA796006F7E6C /* PingPongWinTrackerTests.xctest */ = {isa = PBXFileReference; explicitFileType = wrapper.cfbundle; includeInIndex = 0; path = PingPongWinTrackerTests.xctest; sourceTree = BUILT_PRODUCTS_DIR; };
		1E44EF3C232EA796006F7E6C /* PingPongWinTrackerTests.swift */ = {isa = PBXFileReference; lastKnownFileType = sourcecode.swift; path = PingPongWinTrackerTests.swift; sourceTree = "<group>"; };
		1E44EF3E232EA796006F7E6C /* Info.plist */ = {isa = PBXFileReference; lastKnownFileType = text.plist.xml; path = Info.plist; sourceTree = "<group>"; };
/* End PBXFileReference section */

/* Begin PBXFrameworksBuildPhase section */
		1E44EF1F232EA794006F7E6C /* Frameworks */ = {
			isa = PBXFrameworksBuildPhase;
			buildActionMask = 2147483647;
			files = (
			);
			runOnlyForDeploymentPostprocessing = 0;
		};
		1E44EF35232EA796006F7E6C /* Frameworks */ = {
			isa = PBXFrameworksBuildPhase;
			buildActionMask = 2147483647;
			files = (
			);
			runOnlyForDeploymentPostprocessing = 0;
		};
/* End PBXFrameworksBuildPhase section */

/* Begin PBXGroup section */
		1E44EF19232EA794006F7E6C = {
			isa = PBXGroup;
			children = (
				1E44EF24232EA794006F7E6C /* PingPongWinTracker */,
				1E44EF3B232EA796006F7E6C /* PingPongWinTrackerTests */,
				1E44EF23232EA794006F7E6C /* Products */,
			);
			sourceTree = "<group>";
		};
		1E44EF23232EA794006F7E6C /* Products */ = {
			isa = PBXGroup;
			children = (
				1E44EF22232EA794006F7E6C /* Pong.app */,
				1E44EF38232EA796006F7E6C /* PingPongWinTrackerTests.xctest */,
			);
			name = Products;
			sourceTree = "<group>";
		};
		1E44EF24232EA794006F7E6C /* PingPongWinTracker */ = {
			isa = PBXGroup;
			children = (
				1E44EF25232EA794006F7E6C /* AppDelegate.swift */,
				1E44EF27232EA794006F7E6C /* MainViewController.swift */,
				1E44EF29232EA794006F7E6C /* AssistanceViewController.swift */,
				1E44EF2B232EA794006F7E6C /* Main.storyboard */,
				1E44EF2E232EA795006F7E6C /* Assets.xcassets */,
				1E44EF30232EA795006F7E6C /* LaunchScreen.storyboard */,
				1E44EF33232EA795006F7E6C /* Info.plist */,
			);
			path = PingPongWinTracker;
			sourceTree = "<group>";
		};
		1E44EF3B232EA796006F7E6C /* PingPongWinTrackerTests */ = {
			isa = PBXGroup;
			children = (
				1E44EF3C232EA796006F7E6C /* PingPongWinTrackerTests.swift */,
				1E44EF3E232EA796006F7E6C /* Info.plist */,
			);
			path = PingPongWinTrackerTests;
			sourceTree = "<group>";
		};
/* End PBXGroup section */

/* Begin PBXNativeTarget section */
		1E44EF21232EA794006F7E6C /* PingPongWinTracker */ = {
			isa = PBXNativeTarget;
			buildConfigurationList = 1E44EF41232EA796006F7E6C /* Build configuration list for PBXNativeTarget "PingPongWinTracker" */;
			buildPhases = (
				1E44EF1E232EA794006F7E6C /* Sources */,
				1E44EF1F232EA794006F7E6C /* Frameworks */,
				1E44EF20232EA794006F7E6C /* Resources */,
			);
			buildRules = (
			);
			dependencies = (
			);
			name = PingPongWinTracker;
			productName = PingPongWinTracker;
			productReference = 1E44EF22232EA794006F7E6C /* Pong.app */;
			productType = "com.apple.product-type.application";
		};
		1E44EF37232EA796006F7E6C /* PingPongWinTrackerTests */ = {
			isa = PBXNativeTarget;
			buildConfigurationList = 1E44EF44232EA796006F7E6C /* Build configuration list for PBXNativeTarget "PingPongWinTrackerTests" */;
			buildPhases = (
				1E44EF34232EA796006F7E6C /* Sources */,
				1E44EF35232EA796006F7E6C /* Frameworks */,
				1E44EF36232EA796006F7E6C /* Resources */,
			);
			buildRules = (
			);
			dependencies = (
				1E44EF3A232EA796006F7E6C /* PBXTargetDependency */,
			);
			name = PingPongWinTrackerTests;
			productName = PingPongWinTrackerTests;
			productReference = 1E44EF38232EA796006F7E6C /* PingPongWinTrackerTests.xctest */;
			productType = "com.apple.product-type.bundle.unit-test";
		};
/* End PBXNativeTarget section */

/* Begin PBXProject section */
		1E44EF1A232EA794006F7E6C /* Project object */ = {
			isa = PBXProject;
			attributes = {
				LastSwiftUpdateCheck = 1030;
				LastUpgradeCheck = 1030;
				ORGANIZATIONNAME = "Kevin Li";
				TargetAttributes = {
					1E44EF21232EA794006F7E6C = {
						CreatedOnToolsVersion = 10.3;
					};
					1E44EF37232EA796006F7E6C = {
						CreatedOnToolsVersion = 10.3;
						TestTargetID = 1E44EF21232EA794006F7E6C;
					};
				};
			};
			buildConfigurationList = 1E44EF1D232EA794006F7E6C /* Build configuration list for PBXProject "PingPongWinTracker" */;
			compatibilityVersion = "Xcode 9.3";
			developmentRegion = en;
			hasScannedForEncodings = 0;
			knownRegions = (
				en,
				Base,
			);
			mainGroup = 1E44EF19232EA794006F7E6C;
			productRefGroup = 1E44EF23232EA794006F7E6C /* Products */;
			projectDirPath = "";
			projectRoot = "";
			targets = (
				1E44EF21232EA794006F7E6C /* PingPongWinTracker */,
				1E44EF37232EA796006F7E6C /* PingPongWinTrackerTests */,
			);
		};
/* End PBXProject section */

/* Begin PBXResourcesBuildPhase section */
		1E44EF20232EA794006F7E6C /* Resources */ = {
			isa = PBXResourcesBuildPhase;
			buildActionMask = 2147483647;
			files = (
				1E44EF32232EA795006F7E6C /* LaunchScreen.storyboard in Resources */,
				1E44EF2F232EA795006F7E6C /* Assets.xcassets in Resources */,
				1E44EF2D232EA794006F7E6C /* Main.storyboard in Resources */,
			);
			runOnlyForDeploymentPostprocessing = 0;
		};
		1E44EF36232EA796006F7E6C /* Resources */ = {
			isa = PBXResourcesBuildPhase;
			buildActionMask = 2147483647;
			files = (
			);
			runOnlyForDeploymentPostprocessing = 0;
		};
/* End PBXResourcesBuildPhase section */

/* Begin PBXSourcesBuildPhase section */
		1E44EF1E232EA794006F7E6C /* Sources */ = {
			isa = PBXSourcesBuildPhase;
			buildActionMask = 2147483647;
			files = (
				1E44EF2A232EA794006F7E6C /* AssistanceViewController.swift in Sources */,
				1E44EF26232EA794006F7E6C /* AppDelegate.swift in Sources */,
				1E44EF28232EA794006F7E6C /* MainViewController.swift in Sources */,
			);
			runOnlyForDeploymentPostprocessing = 0;
		};
		1E44EF34232EA796006F7E6C /* Sources */ = {
			isa = PBXSourcesBuildPhase;
			buildActionMask = 2147483647;
			files = (
				1E44EF3D232EA796006F7E6C /* PingPongWinTrackerTests.swift in Sources */,
			);
			runOnlyForDeploymentPostprocessing = 0;
		};
/* End PBXSourcesBuildPhase section */

/* Begin PBXTargetDependency section */
		1E44EF3A232EA796006F7E6C /* PBXTargetDependency */ = {
			isa = PBXTargetDependency;
			target = 1E44EF21232EA794006F7E6C /* PingPongWinTracker */;
			targetProxy = 1E44EF39232EA796006F7E6C /* PBXContainerItemProxy */;
		};
/* End PBXTargetDependency section */

/* Begin PBXVariantGroup section */
		1E44EF2B232EA794006F7E6C /* Main.storyboard */ = {
			isa = PBXVariantGroup;
			children = (
				1E44EF2C232EA794006F7E6C /* Base */,
			);
			name = Main.storyboard;
			sourceTree = "<group>";
		};
		1E44EF30232EA795006F7E6C /* LaunchScreen.storyboard */ = {
			isa = PBXVariantGroup;
			children = (
				1E44EF31232EA795006F7E6C /* Base */,
			);
			name = LaunchScreen.storyboard;
			sourceTree = "<group>";
		};
/* End PBXVariantGroup section */

/* Begin XCBuildConfiguration section */
		1E44EF3F232EA796006F7E6C /* Debug */ = {
			isa = XCBuildConfiguration;
			buildSettings = {
				ALWAYS_SEARCH_USER_PATHS = NO;
				CLANG_ANALYZER_NONNULL = YES;
				CLANG_ANALYZER_NUMBER_OBJECT_CONVERSION = YES_AGGRESSIVE;
				CLANG_CXX_LANGUAGE_STANDARD = "gnu++14";
				CLANG_CXX_LIBRARY = "libc++";
				CLANG_ENABLE_MODULES = YES;
				CLANG_ENABLE_OBJC_ARC = YES;
				CLANG_ENABLE_OBJC_WEAK = YES;
				CLANG_WARN_BLOCK_CAPTURE_AUTORELEASING = YES;
				CLANG_WARN_BOOL_CONVERSION = YES;
				CLANG_WARN_COMMA = YES;
				CLANG_WARN_CONSTANT_CONVERSION = YES;
				CLANG_WARN_DEPRECATED_OBJC_IMPLEMENTATIONS = YES;
				CLANG_WARN_DIRECT_OBJC_ISA_USAGE = YES_ERROR;
				CLANG_WARN_DOCUMENTATION_COMMENTS = YES;
				CLANG_WARN_EMPTY_BODY = YES;
				CLANG_WARN_ENUM_CONVERSION = YES;
				CLANG_WARN_INFINITE_RECURSION = YES;
				CLANG_WARN_INT_CONVERSION = YES;
				CLANG_WARN_NON_LITERAL_NULL_CONVERSION = YES;
				CLANG_WARN_OBJC_IMPLICIT_RETAIN_SELF = YES;
				CLANG_WARN_OBJC_LITERAL_CONVERSION = YES;
				CLANG_WARN_OBJC_ROOT_CLASS = YES_ERROR;
				CLANG_WARN_RANGE_LOOP_ANALYSIS = YES;
				CLANG_WARN_STRICT_PROTOTYPES = YES;
				CLANG_WARN_SUSPICIOUS_MOVE = YES;
				CLANG_WARN_UNGUARDED_AVAILABILITY = YES_AGGRESSIVE;
				CLANG_WARN_UNREACHABLE_CODE = YES;
				CLANG_WARN__DUPLICATE_METHOD_MATCH = YES;
				CODE_SIGN_IDENTITY = "iPhone Developer";
				COPY_PHASE_STRIP = NO;
				DEBUG_INFORMATION_FORMAT = dwarf;
				ENABLE_STRICT_OBJC_MSGSEND = YES;
				ENABLE_TESTABILITY = YES;
				GCC_C_LANGUAGE_STANDARD = gnu11;
				GCC_DYNAMIC_NO_PIC = NO;
				GCC_NO_COMMON_BLOCKS = YES;
				GCC_OPTIMIZATION_LEVEL = 0;
				GCC_PREPROCESSOR_DEFINITIONS = (
					"DEBUG=1",
					"$(inherited)",
				);
				GCC_WARN_64_TO_32_BIT_CONVERSION = YES;
				GCC_WARN_ABOUT_RETURN_TYPE = YES_ERROR;
				GCC_WARN_UNDECLARED_SELECTOR = YES;
				GCC_WARN_UNINITIALIZED_AUTOS = YES_AGGRESSIVE;
				GCC_WARN_UNUSED_FUNCTION = YES;
				GCC_WARN_UNUSED_VARIABLE = YES;
				IPHONEOS_DEPLOYMENT_TARGET = 12.4;
				MTL_ENABLE_DEBUG_INFO = INCLUDE_SOURCE;
				MTL_FAST_MATH = YES;
				ONLY_ACTIVE_ARCH = YES;
				SDKROOT = iphoneos;
				SWIFT_ACTIVE_COMPILATION_CONDITIONS = DEBUG;
				SWIFT_OPTIMIZATION_LEVEL = "-Onone";
			};
			name = Debug;
		};
		1E44EF40232EA796006F7E6C /* Release */ = {
			isa = XCBuildConfiguration;
			buildSettings = {
				ALWAYS_SEARCH_USER_PATHS = NO;
				CLANG_ANALYZER_NONNULL = YES;
				CLANG_ANALYZER_NUMBER_OBJECT_CONVERSION = YES_AGGRESSIVE;
				CLANG_CXX_LANGUAGE_STANDARD = "gnu++14";
				CLANG_CXX_LIBRARY = "libc++";
				CLANG_ENABLE_MODULES = YES;
				CLANG_ENABLE_OBJC_ARC = YES;
				CLANG_ENABLE_OBJC_WEAK = YES;
				CLANG_WARN_BLOCK_CAPTURE_AUTORELEASING = YES;
				CLANG_WARN_BOOL_CONVERSION = YES;
				CLANG_WARN_COMMA = YES;
				CLANG_WARN_CONSTANT_CONVERSION = YES;
				CLANG_WARN_DEPRECATED_OBJC_IMPLEMENTATIONS = YES;
				CLANG_WARN_DIRECT_OBJC_ISA_USAGE = YES_ERROR;
				CLANG_WARN_DOCUMENTATION_COMMENTS = YES;
				CLANG_WARN_EMPTY_BODY = YES;
				CLANG_WARN_ENUM_CONVERSION = YES;
				CLANG_WARN_INFINITE_RECURSION = YES;
				CLANG_WARN_INT_CONVERSION = YES;
				CLANG_WARN_NON_LITERAL_NULL_CONVERSION = YES;
				CLANG_WARN_OBJC_IMPLICIT_RETAIN_SELF = YES;
				CLANG_WARN_OBJC_LITERAL_CONVERSION = YES;
				CLANG_WARN_OBJC_ROOT_CLASS = YES_ERROR;
				CLANG_WARN_RANGE_LOOP_ANALYSIS = YES;
				CLANG_WARN_STRICT_PROTOTYPES = YES;
				CLANG_WARN_SUSPICIOUS_MOVE = YES;
				CLANG_WARN_UNGUARDED_AVAILABILITY = YES_AGGRESSIVE;
				CLANG_WARN_UNREACHABLE_CODE = YES;
				CLANG_WARN__DUPLICATE_METHOD_MATCH = YES;
				CODE_SIGN_IDENTITY = "iPhone Developer";
				COPY_PHASE_STRIP = NO;
				DEBUG_INFORMATION_FORMAT = "dwarf-with-dsym";
				ENABLE_NS_ASSERTIONS = NO;
				ENABLE_STRICT_OBJC_MSGSEND = YES;
				GCC_C_LANGUAGE_STANDARD = gnu11;
				GCC_NO_COMMON_BLOCKS = YES;
				GCC_WARN_64_TO_32_BIT_CONVERSION = YES;
				GCC_WARN_ABOUT_RETURN_TYPE = YES_ERROR;
				GCC_WARN_UNDECLARED_SELECTOR = YES;
				GCC_WARN_UNINITIALIZED_AUTOS = YES_AGGRESSIVE;
				GCC_WARN_UNUSED_FUNCTION = YES;
				GCC_WARN_UNUSED_VARIABLE = YES;
				IPHONEOS_DEPLOYMENT_TARGET = 12.4;
				MTL_ENABLE_DEBUG_INFO = NO;
				MTL_FAST_MATH = YES;
				SDKROOT = iphoneos;
				SWIFT_COMPILATION_MODE = wholemodule;
				SWIFT_OPTIMIZATION_LEVEL = "-O";
				VALIDATE_PRODUCT = YES;
			};
			name = Release;
		};
		1E44EF42232EA796006F7E6C /* Debug */ = {
			isa = XCBuildConfiguration;
			buildSettings = {
				ASSETCATALOG_COMPILER_APPICON_NAME = AppIcon;
				CODE_SIGN_STYLE = Automatic;
				DEVELOPMENT_TEAM = 75H2NCGMKS;
				INFOPLIST_FILE = PingPongWinTracker/Info.plist;
				LD_RUNPATH_SEARCH_PATHS = (
					"$(inherited)",
					"@executable_path/Frameworks",
				);
				PRODUCT_BUNDLE_IDENTIFIER = com.kevinli.PingPongWinTracker;
				PRODUCT_NAME = Pong;
				SWIFT_VERSION = 5.0;
				TARGETED_DEVICE_FAMILY = "1,2";
			};
			name = Debug;
		};
		1E44EF43232EA796006F7E6C /* Release */ = {
			isa = XCBuildConfiguration;
			buildSettings = {
				ASSETCATALOG_COMPILER_APPICON_NAME = AppIcon;
				CODE_SIGN_STYLE = Automatic;
				DEVELOPMENT_TEAM = 75H2NCGMKS;
				INFOPLIST_FILE = PingPongWinTracker/Info.plist;
				LD_RUNPATH_SEARCH_PATHS = (
					"$(inherited)",
					"@executable_path/Frameworks",
				);
				PRODUCT_BUNDLE_IDENTIFIER = com.kevinli.PingPongWinTracker;
				PRODUCT_NAME = Pong;
				SWIFT_VERSION = 5.0;
				TARGETED_DEVICE_FAMILY = "1,2";
			};
			name = Release;
		};
		1E44EF45232EA796006F7E6C /* Debug */ = {
			isa = XCBuildConfiguration;
			buildSettings = {
				ALWAYS_EMBED_SWIFT_STANDARD_LIBRARIES = YES;
				BUNDLE_LOADER = "$(TEST_HOST)";
				CODE_SIGN_STYLE = Automatic;
				DEVELOPMENT_TEAM = 75H2NCGMKS;
				INFOPLIST_FILE = PingPongWinTrackerTests/Info.plist;
				LD_RUNPATH_SEARCH_PATHS = (
					"$(inherited)",
					"@executable_path/Frameworks",
					"@loader_path/Frameworks",
				);
				PRODUCT_BUNDLE_IDENTIFIER = com.kevinli.PingPongWinTrackerTests;
				PRODUCT_NAME = "$(TARGET_NAME)";
				SWIFT_VERSION = 5.0;
				TARGETED_DEVICE_FAMILY = "1,2";
				TEST_HOST = "$(BUILT_PRODUCTS_DIR)/PingPongWinTracker.app/PingPongWinTracker";
			};
			name = Debug;
		};
		1E44EF46232EA796006F7E6C /* Release */ = {
			isa = XCBuildConfiguration;
			buildSettings = {
				ALWAYS_EMBED_SWIFT_STANDARD_LIBRARIES = YES;
				BUNDLE_LOADER = "$(TEST_HOST)";
				CODE_SIGN_STYLE = Automatic;
				DEVELOPMENT_TEAM = 75H2NCGMKS;
				INFOPLIST_FILE = PingPongWinTrackerTests/Info.plist;
				LD_RUNPATH_SEARCH_PATHS = (
					"$(inherited)",
					"@executable_path/Frameworks",
					"@loader_path/Frameworks",
				);
				PRODUCT_BUNDLE_IDENTIFIER = com.kevinli.PingPongWinTrackerTests;
				PRODUCT_NAME = "$(TARGET_NAME)";
				SWIFT_VERSION = 5.0;
				TARGETED_DEVICE_FAMILY = "1,2";
				TEST_HOST = "$(BUILT_PRODUCTS_DIR)/PingPongWinTracker.app/PingPongWinTracker";
			};
			name = Release;
		};
/* End XCBuildConfiguration section */

/* Begin XCConfigurationList section */
		1E44EF1D232EA794006F7E6C /* Build configuration list for PBXProject "PingPongWinTracker" */ = {
			isa = XCConfigurationList;
			buildConfigurations = (
				1E44EF3F232EA796006F7E6C /* Debug */,
				1E44EF40232EA796006F7E6C /* Release */,
			);
			defaultConfigurationIsVisible = 0;
			defaultConfigurationName = Release;
		};
		1E44EF41232EA796006F7E6C /* Build configuration list for PBXNativeTarget "PingPongWinTracker" */ = {
			isa = XCConfigurationList;
			buildConfigurations = (
				1E44EF42232EA796006F7E6C /* Debug */,
				1E44EF43232EA796006F7E6C /* Release */,
			);
			defaultConfigurationIsVisible = 0;
			defaultConfigurationName = Release;
		};
		1E44EF44232EA796006F7E6C /* Build configuration list for PBXNativeTarget "PingPongWinTrackerTests" */ = {
			isa = XCConfigurationList;
			buildConfigurations = (
				1E44EF45232EA796006F7E6C /* Debug */,
				1E44EF46232EA796006F7E6C /* Release */,
			);
			defaultConfigurationIsVisible = 0;
			defaultConfigurationName = Release;
		};
/* End XCConfigurationList section */
	};
	rootObject = 1E44EF1A232EA794006F7E6C /* Project object */;
}
